// !$*UTF8*$!
{
	archiveVersion = 1;
	classes = {
	};
	objectVersion = 56;
	objects = {

/* Begin PBXBuildFile section */
		049FB3712BA4EC3E00A505BF /* dav4App.swift in Sources */ = {isa = PBXBuildFile; fileRef = 049FB3702BA4EC3E00A505BF /* dav4App.swift */; };
		049FB3732BA4EC3E00A505BF /* ContentView.swift in Sources */ = {isa = PBXBuildFile; fileRef = 049FB3722BA4EC3E00A505BF /* ContentView.swift */; };
		049FB3752BA4EC4200A505BF /* Assets.xcassets in Resources */ = {isa = PBXBuildFile; fileRef = 049FB3742BA4EC4200A505BF /* Assets.xcassets */; };
		049FB3782BA4EC4200A505BF /* Preview Assets.xcassets in Resources */ = {isa = PBXBuildFile; fileRef = 049FB3772BA4EC4200A505BF /* Preview Assets.xcassets */; };
		049FB3832BA4EC4200A505BF /* dav4Tests.swift in Sources */ = {isa = PBXBuildFile; fileRef = 049FB3822BA4EC4200A505BF /* dav4Tests.swift */; };
		049FB38D2BA4EC4200A505BF /* dav4UITests.swift in Sources */ = {isa = PBXBuildFile; fileRef = 049FB38C2BA4EC4200A505BF /* dav4UITests.swift */; };
		049FB38F2BA4EC4200A505BF /* dav4UITestsLaunchTests.swift in Sources */ = {isa = PBXBuildFile; fileRef = 049FB38E2BA4EC4200A505BF /* dav4UITestsLaunchTests.swift */; };
/* End PBXBuildFile section */

/* Begin PBXContainerItemProxy section */
		049FB37F2BA4EC4200A505BF /* PBXContainerItemProxy */ = {
			isa = PBXContainerItemProxy;
			containerPortal = 049FB3652BA4EC3E00A505BF /* Project object */;
			proxyType = 1;
			remoteGlobalIDString = 049FB36C2BA4EC3E00A505BF;
			remoteInfo = dav4;
		};
		049FB3892BA4EC4200A505BF /* PBXContainerItemProxy */ = {
			isa = PBXContainerItemProxy;
			containerPortal = 049FB3652BA4EC3E00A505BF /* Project object */;
			proxyType = 1;
			remoteGlobalIDString = 049FB36C2BA4EC3E00A505BF;
			remoteInfo = dav4;
		};
/* End PBXContainerItemProxy section */

/* Begin PBXFileReference section */
		049FB36D2BA4EC3E00A505BF /* dav4.app */ = {isa = PBXFileReference; explicitFileType = wrapper.application; includeInIndex = 0; path = dav4.app; sourceTree = BUILT_PRODUCTS_DIR; };
		049FB3702BA4EC3E00A505BF /* dav4App.swift */ = {isa = PBXFileReference; lastKnownFileType = sourcecode.swift; path = dav4App.swift; sourceTree = "<group>"; };
		049FB3722BA4EC3E00A505BF /* ContentView.swift */ = {isa = PBXFileReference; lastKnownFileType = sourcecode.swift; path = ContentView.swift; sourceTree = "<group>"; };
		049FB3742BA4EC4200A505BF /* Assets.xcassets */ = {isa = PBXFileReference; lastKnownFileType = folder.assetcatalog; path = Assets.xcassets; sourceTree = "<group>"; };
		049FB3772BA4EC4200A505BF /* Preview Assets.xcassets */ = {isa = PBXFileReference; lastKnownFileType = folder.assetcatalog; path = "Preview Assets.xcassets"; sourceTree = "<group>"; };
		049FB3792BA4EC4200A505BF /* dav4.entitlements */ = {isa = PBXFileReference; lastKnownFileType = text.plist.entitlements; path = dav4.entitlements; sourceTree = "<group>"; };
		049FB37E2BA4EC4200A505BF /* dav4Tests.xctest */ = {isa = PBXFileReference; explicitFileType = wrapper.cfbundle; includeInIndex = 0; path = dav4Tests.xctest; sourceTree = BUILT_PRODUCTS_DIR; };
		049FB3822BA4EC4200A505BF /* dav4Tests.swift */ = {isa = PBXFileReference; lastKnownFileType = sourcecode.swift; path = dav4Tests.swift; sourceTree = "<group>"; };
		049FB3882BA4EC4200A505BF /* dav4UITests.xctest */ = {isa = PBXFileReference; explicitFileType = wrapper.cfbundle; includeInIndex = 0; path = dav4UITests.xctest; sourceTree = BUILT_PRODUCTS_DIR; };
		049FB38C2BA4EC4200A505BF /* dav4UITests.swift */ = {isa = PBXFileReference; lastKnownFileType = sourcecode.swift; path = dav4UITests.swift; sourceTree = "<group>"; };
		049FB38E2BA4EC4200A505BF /* dav4UITestsLaunchTests.swift */ = {isa = PBXFileReference; lastKnownFileType = sourcecode.swift; path = dav4UITestsLaunchTests.swift; sourceTree = "<group>"; };
/* End PBXFileReference section */

/* Begin PBXFrameworksBuildPhase section */
		049FB36A2BA4EC3E00A505BF /* Frameworks */ = {
			isa = PBXFrameworksBuildPhase;
			buildActionMask = 2147483647;
			files = (
			);
			runOnlyForDeploymentPostprocessing = 0;
		};
		049FB37B2BA4EC4200A505BF /* Frameworks */ = {
			isa = PBXFrameworksBuildPhase;
			buildActionMask = 2147483647;
			files = (
			);
			runOnlyForDeploymentPostprocessing = 0;
		};
		049FB3852BA4EC4200A505BF /* Frameworks */ = {
			isa = PBXFrameworksBuildPhase;
			buildActionMask = 2147483647;
			files = (
			);
			runOnlyForDeploymentPostprocessing = 0;
		};
/* End PBXFrameworksBuildPhase section */

/* Begin PBXGroup section */
		049FB3642BA4EC3E00A505BF = {
			isa = PBXGroup;
			children = (
				049FB36F2BA4EC3E00A505BF /* dav4 */,
				049FB3812BA4EC4200A505BF /* dav4Tests */,
				049FB38B2BA4EC4200A505BF /* dav4UITests */,
				049FB36E2BA4EC3E00A505BF /* Products */,
			);
			sourceTree = "<group>";
		};
		049FB36E2BA4EC3E00A505BF /* Products */ = {
			isa = PBXGroup;
			children = (
				049FB36D2BA4EC3E00A505BF /* dav4.app */,
				049FB37E2BA4EC4200A505BF /* dav4Tests.xctest */,
				049FB3882BA4EC4200A505BF /* dav4UITests.xctest */,
			);
			name = Products;
			sourceTree = "<group>";
		};
		049FB36F2BA4EC3E00A505BF /* dav4 */ = {
			isa = PBXGroup;
			children = (
				049FB3702BA4EC3E00A505BF /* dav4App.swift */,
				049FB3722BA4EC3E00A505BF /* ContentView.swift */,
				049FB3742BA4EC4200A505BF /* Assets.xcassets */,
				049FB3792BA4EC4200A505BF /* dav4.entitlements */,
				049FB3762BA4EC4200A505BF /* Preview Content */,
			);
			path = dav4;
			sourceTree = "<group>";
		};
		049FB3762BA4EC4200A505BF /* Preview Content */ = {
			isa = PBXGroup;
			children = (
				049FB3772BA4EC4200A505BF /* Preview Assets.xcassets */,
			);
			path = "Preview Content";
			sourceTree = "<group>";
		};
		049FB3812BA4EC4200A505BF /* dav4Tests */ = {
			isa = PBXGroup;
			children = (
				049FB3822BA4EC4200A505BF /* dav4Tests.swift */,
			);
			path = dav4Tests;
			sourceTree = "<group>";
		};
		049FB38B2BA4EC4200A505BF /* dav4UITests */ = {
			isa = PBXGroup;
			children = (
				049FB38C2BA4EC4200A505BF /* dav4UITests.swift */,
				049FB38E2BA4EC4200A505BF /* dav4UITestsLaunchTests.swift */,
			);
			path = dav4UITests;
			sourceTree = "<group>";
		};
/* End PBXGroup section */

/* Begin PBXNativeTarget section */
		049FB36C2BA4EC3E00A505BF /* dav4 */ = {
			isa = PBXNativeTarget;
			buildConfigurationList = 049FB3922BA4EC4200A505BF /* Build configuration list for PBXNativeTarget "dav4" */;
			buildPhases = (
				049FB3692BA4EC3E00A505BF /* Sources */,
				049FB36A2BA4EC3E00A505BF /* Frameworks */,
				049FB36B2BA4EC3E00A505BF /* Resources */,
			);
			buildRules = (
			);
			dependencies = (
			);
			name = dav4;
			productName = dav4;
			productReference = 049FB36D2BA4EC3E00A505BF /* dav4.app */;
			productType = "com.apple.product-type.application";
		};
		049FB37D2BA4EC4200A505BF /* dav4Tests */ = {
			isa = PBXNativeTarget;
			buildConfigurationList = 049FB3952BA4EC4200A505BF /* Build configuration list for PBXNativeTarget "dav4Tests" */;
			buildPhases = (
				049FB37A2BA4EC4200A505BF /* Sources */,
				049FB37B2BA4EC4200A505BF /* Frameworks */,
				049FB37C2BA4EC4200A505BF /* Resources */,
			);
			buildRules = (
			);
			dependencies = (
				049FB3802BA4EC4200A505BF /* PBXTargetDependency */,
			);
			name = dav4Tests;
			productName = dav4Tests;
			productReference = 049FB37E2BA4EC4200A505BF /* dav4Tests.xctest */;
			productType = "com.apple.product-type.bundle.unit-test";
		};
		049FB3872BA4EC4200A505BF /* dav4UITests */ = {
			isa = PBXNativeTarget;
			buildConfigurationList = 049FB3982BA4EC4200A505BF /* Build configuration list for PBXNativeTarget "dav4UITests" */;
			buildPhases = (
				049FB3842BA4EC4200A505BF /* Sources */,
				049FB3852BA4EC4200A505BF /* Frameworks */,
				049FB3862BA4EC4200A505BF /* Resources */,
			);
			buildRules = (
			);
			dependencies = (
				049FB38A2BA4EC4200A505BF /* PBXTargetDependency */,
			);
			name = dav4UITests;
			productName = dav4UITests;
			productReference = 049FB3882BA4EC4200A505BF /* dav4UITests.xctest */;
			productType = "com.apple.product-type.bundle.ui-testing";
		};
/* End PBXNativeTarget section */

/* Begin PBXProject section */
		049FB3652BA4EC3E00A505BF /* Project object */ = {
			isa = PBXProject;
			attributes = {
				BuildIndependentTargetsInParallel = 1;
				LastSwiftUpdateCheck = 1420;
				LastUpgradeCheck = 1420;
				TargetAttributes = {
					049FB36C2BA4EC3E00A505BF = {
						CreatedOnToolsVersion = 14.2;
					};
					049FB37D2BA4EC4200A505BF = {
						CreatedOnToolsVersion = 14.2;
						TestTargetID = 049FB36C2BA4EC3E00A505BF;
					};
					049FB3872BA4EC4200A505BF = {
						CreatedOnToolsVersion = 14.2;
						TestTargetID = 049FB36C2BA4EC3E00A505BF;
					};
				};
			};
			buildConfigurationList = 049FB3682BA4EC3E00A505BF /* Build configuration list for PBXProject "dav4" */;
			compatibilityVersion = "Xcode 14.0";
			developmentRegion = en;
			hasScannedForEncodings = 0;
			knownRegions = (
				en,
				Base,
			);
			mainGroup = 049FB3642BA4EC3E00A505BF;
			productRefGroup = 049FB36E2BA4EC3E00A505BF /* Products */;
			projectDirPath = "";
			projectRoot = "";
			targets = (
				049FB36C2BA4EC3E00A505BF /* dav4 */,
				049FB37D2BA4EC4200A505BF /* dav4Tests */,
				049FB3872BA4EC4200A505BF /* dav4UITests */,
			);
		};
/* End PBXProject section */

/* Begin PBXResourcesBuildPhase section */
		049FB36B2BA4EC3E00A505BF /* Resources */ = {
			isa = PBXResourcesBuildPhase;
			buildActionMask = 2147483647;
			files = (
				049FB3782BA4EC4200A505BF /* Preview Assets.xcassets in Resources */,
				049FB3752BA4EC4200A505BF /* Assets.xcassets in Resources */,
			);
			runOnlyForDeploymentPostprocessing = 0;
		};
		049FB37C2BA4EC4200A505BF /* Resources */ = {
			isa = PBXResourcesBuildPhase;
			buildActionMask = 2147483647;
			files = (
			);
			runOnlyForDeploymentPostprocessing = 0;
		};
		049FB3862BA4EC4200A505BF /* Resources */ = {
			isa = PBXResourcesBuildPhase;
			buildActionMask = 2147483647;
			files = (
			);
			runOnlyForDeploymentPostprocessing = 0;
		};
/* End PBXResourcesBuildPhase section */

/* Begin PBXSourcesBuildPhase section */
		049FB3692BA4EC3E00A505BF /* Sources */ = {
			isa = PBXSourcesBuildPhase;
			buildActionMask = 2147483647;
			files = (
				049FB3732BA4EC3E00A505BF /* ContentView.swift in Sources */,
				049FB3712BA4EC3E00A505BF /* dav4App.swift in Sources */,
			);
			runOnlyForDeploymentPostprocessing = 0;
		};
		049FB37A2BA4EC4200A505BF /* Sources */ = {
			isa = PBXSourcesBuildPhase;
			buildActionMask = 2147483647;
			files = (
				049FB3832BA4EC4200A505BF /* dav4Tests.swift in Sources */,
			);
			runOnlyForDeploymentPostprocessing = 0;
		};
		049FB3842BA4EC4200A505BF /* Sources */ = {
			isa = PBXSourcesBuildPhase;
			buildActionMask = 2147483647;
			files = (
				049FB38D2BA4EC4200A505BF /* dav4UITests.swift in Sources */,
				049FB38F2BA4EC4200A505BF /* dav4UITestsLaunchTests.swift in Sources */,
			);
			runOnlyForDeploymentPostprocessing = 0;
		};
/* End PBXSourcesBuildPhase section */

/* Begin PBXTargetDependency section */
		049FB3802BA4EC4200A505BF /* PBXTargetDependency */ = {
			isa = PBXTargetDependency;
			target = 049FB36C2BA4EC3E00A505BF /* dav4 */;
			targetProxy = 049FB37F2BA4EC4200A505BF /* PBXContainerItemProxy */;
		};
		049FB38A2BA4EC4200A505BF /* PBXTargetDependency */ = {
			isa = PBXTargetDependency;
			target = 049FB36C2BA4EC3E00A505BF /* dav4 */;
			targetProxy = 049FB3892BA4EC4200A505BF /* PBXContainerItemProxy */;
		};
/* End PBXTargetDependency section */

/* Begin XCBuildConfiguration section */
		049FB3902BA4EC4200A505BF /* Debug */ = {
			isa = XCBuildConfiguration;
			buildSettings = {
				ALWAYS_SEARCH_USER_PATHS = NO;
				CLANG_ANALYZER_NONNULL = YES;
				CLANG_ANALYZER_NUMBER_OBJECT_CONVERSION = YES_AGGRESSIVE;
				CLANG_CXX_LANGUAGE_STANDARD = "gnu++20";
				CLANG_ENABLE_MODULES = YES;
				CLANG_ENABLE_OBJC_ARC = YES;
				CLANG_ENABLE_OBJC_WEAK = YES;
				CLANG_WARN_BLOCK_CAPTURE_AUTORELEASING = YES;
				CLANG_WARN_BOOL_CONVERSION = YES;
				CLANG_WARN_COMMA = YES;
				CLANG_WARN_CONSTANT_CONVERSION = YES;
				CLANG_WARN_DEPRECATED_OBJC_IMPLEMENTATIONS = YES;
				CLANG_WARN_DIRECT_OBJC_ISA_USAGE = YES_ERROR;
				CLANG_WARN_DOCUMENTATION_COMMENTS = YES;
				CLANG_WARN_EMPTY_BODY = YES;
				CLANG_WARN_ENUM_CONVERSION = YES;
				CLANG_WARN_INFINITE_RECURSION = YES;
				CLANG_WARN_INT_CONVERSION = YES;
				CLANG_WARN_NON_LITERAL_NULL_CONVERSION = YES;
				CLANG_WARN_OBJC_IMPLICIT_RETAIN_SELF = YES;
				CLANG_WARN_OBJC_LITERAL_CONVERSION = YES;
				CLANG_WARN_OBJC_ROOT_CLASS = YES_ERROR;
				CLANG_WARN_QUOTED_INCLUDE_IN_FRAMEWORK_HEADER = YES;
				CLANG_WARN_RANGE_LOOP_ANALYSIS = YES;
				CLANG_WARN_STRICT_PROTOTYPES = YES;
				CLANG_WARN_SUSPICIOUS_MOVE = YES;
				CLANG_WARN_UNGUARDED_AVAILABILITY = YES_AGGRESSIVE;
				CLANG_WARN_UNREACHABLE_CODE = YES;
				CLANG_WARN__DUPLICATE_METHOD_MATCH = YES;
				COPY_PHASE_STRIP = NO;
				DEBUG_INFORMATION_FORMAT = dwarf;
				ENABLE_STRICT_OBJC_MSGSEND = YES;
				ENABLE_TESTABILITY = YES;
				GCC_C_LANGUAGE_STANDARD = gnu11;
				GCC_DYNAMIC_NO_PIC = NO;
				GCC_NO_COMMON_BLOCKS = YES;
				GCC_OPTIMIZATION_LEVEL = 0;
				GCC_PREPROCESSOR_DEFINITIONS = (
					"DEBUG=1",
					"$(inherited)",
				);
				GCC_WARN_64_TO_32_BIT_CONVERSION = YES;
				GCC_WARN_ABOUT_RETURN_TYPE = YES_ERROR;
				GCC_WARN_UNDECLARED_SELECTOR = YES;
				GCC_WARN_UNINITIALIZED_AUTOS = YES_AGGRESSIVE;
				GCC_WARN_UNUSED_FUNCTION = YES;
				GCC_WARN_UNUSED_VARIABLE = YES;
				MACOSX_DEPLOYMENT_TARGET = 12.7;
				MTL_ENABLE_DEBUG_INFO = INCLUDE_SOURCE;
				MTL_FAST_MATH = YES;
				ONLY_ACTIVE_ARCH = YES;
				SDKROOT = macosx;
				SWIFT_ACTIVE_COMPILATION_CONDITIONS = DEBUG;
				SWIFT_OPTIMIZATION_LEVEL = "-Onone";
			};
			name = Debug;
		};
		049FB3912BA4EC4200A505BF /* Release */ = {
			isa = XCBuildConfiguration;
			buildSettings = {
				ALWAYS_SEARCH_USER_PATHS = NO;
				CLANG_ANALYZER_NONNULL = YES;
				CLANG_ANALYZER_NUMBER_OBJECT_CONVERSION = YES_AGGRESSIVE;
				CLANG_CXX_LANGUAGE_STANDARD = "gnu++20";
				CLANG_ENABLE_MODULES = YES;
				CLANG_ENABLE_OBJC_ARC = YES;
				CLANG_ENABLE_OBJC_WEAK = YES;
				CLANG_WARN_BLOCK_CAPTURE_AUTORELEASING = YES;
				CLANG_WARN_BOOL_CONVERSION = YES;
				CLANG_WARN_COMMA = YES;
				CLANG_WARN_CONSTANT_CONVERSION = YES;
				CLANG_WARN_DEPRECATED_OBJC_IMPLEMENTATIONS = YES;
				CLANG_WARN_DIRECT_OBJC_ISA_USAGE = YES_ERROR;
				CLANG_WARN_DOCUMENTATION_COMMENTS = YES;
				CLANG_WARN_EMPTY_BODY = YES;
				CLANG_WARN_ENUM_CONVERSION = YES;
				CLANG_WARN_INFINITE_RECURSION = YES;
				CLANG_WARN_INT_CONVERSION = YES;
				CLANG_WARN_NON_LITERAL_NULL_CONVERSION = YES;
				CLANG_WARN_OBJC_IMPLICIT_RETAIN_SELF = YES;
				CLANG_WARN_OBJC_LITERAL_CONVERSION = YES;
				CLANG_WARN_OBJC_ROOT_CLASS = YES_ERROR;
				CLANG_WARN_QUOTED_INCLUDE_IN_FRAMEWORK_HEADER = YES;
				CLANG_WARN_RANGE_LOOP_ANALYSIS = YES;
				CLANG_WARN_STRICT_PROTOTYPES = YES;
				CLANG_WARN_SUSPICIOUS_MOVE = YES;
				CLANG_WARN_UNGUARDED_AVAILABILITY = YES_AGGRESSIVE;
				CLANG_WARN_UNREACHABLE_CODE = YES;
				CLANG_WARN__DUPLICATE_METHOD_MATCH = YES;
				COPY_PHASE_STRIP = NO;
				DEBUG_INFORMATION_FORMAT = "dwarf-with-dsym";
				ENABLE_NS_ASSERTIONS = NO;
				ENABLE_STRICT_OBJC_MSGSEND = YES;
				GCC_C_LANGUAGE_STANDARD = gnu11;
				GCC_NO_COMMON_BLOCKS = YES;
				GCC_WARN_64_TO_32_BIT_CONVERSION = YES;
				GCC_WARN_ABOUT_RETURN_TYPE = YES_ERROR;
				GCC_WARN_UNDECLARED_SELECTOR = YES;
				GCC_WARN_UNINITIALIZED_AUTOS = YES_AGGRESSIVE;
				GCC_WARN_UNUSED_FUNCTION = YES;
				GCC_WARN_UNUSED_VARIABLE = YES;
				MACOSX_DEPLOYMENT_TARGET = 12.7;
				MTL_ENABLE_DEBUG_INFO = NO;
				MTL_FAST_MATH = YES;
				SDKROOT = macosx;
				SWIFT_COMPILATION_MODE = wholemodule;
				SWIFT_OPTIMIZATION_LEVEL = "-O";
			};
			name = Release;
		};
		049FB3932BA4EC4200A505BF /* Debug */ = {
			isa = XCBuildConfiguration;
			buildSettings = {
				ASSETCATALOG_COMPILER_APPICON_NAME = AppIcon;
				ASSETCATALOG_COMPILER_GLOBAL_ACCENT_COLOR_NAME = AccentColor;
				CODE_SIGN_ENTITLEMENTS = dav4/dav4.entitlements;
				CODE_SIGN_STYLE = Automatic;
				COMBINE_HIDPI_IMAGES = YES;
				CURRENT_PROJECT_VERSION = 1;
				DEVELOPMENT_ASSET_PATHS = "\"dav4/Preview Content\"";
				ENABLE_PREVIEWS = YES;
				GENERATE_INFOPLIST_FILE = YES;
				INFOPLIST_KEY_NSHumanReadableCopyright = "";
				LD_RUNPATH_SEARCH_PATHS = (
					"$(inherited)",
					"@executable_path/../Frameworks",
				);
				MARKETING_VERSION = 1.0;
				PRODUCT_BUNDLE_IDENTIFIER = b.dav4;
				PRODUCT_NAME = "$(TARGET_NAME)";
				SWIFT_EMIT_LOC_STRINGS = YES;
				SWIFT_VERSION = 5.0;
			};
			name = Debug;
		};
		049FB3942BA4EC4200A505BF /* Release */ = {
			isa = XCBuildConfiguration;
			buildSettings = {
				ASSETCATALOG_COMPILER_APPICON_NAME = AppIcon;
				ASSETCATALOG_COMPILER_GLOBAL_ACCENT_COLOR_NAME = AccentColor;
				CODE_SIGN_ENTITLEMENTS = dav4/dav4.entitlements;
				CODE_SIGN_STYLE = Automatic;
				COMBINE_HIDPI_IMAGES = YES;
				CURRENT_PROJECT_VERSION = 1;
				DEVELOPMENT_ASSET_PATHS = "\"dav4/Preview Content\"";
				ENABLE_PREVIEWS = YES;
				GENERATE_INFOPLIST_FILE = YES;
				INFOPLIST_KEY_NSHumanReadableCopyright = "";
				LD_RUNPATH_SEARCH_PATHS = (
					"$(inherited)",
					"@executable_path/../Frameworks",
				);
				MARKETING_VERSION = 1.0;
				PRODUCT_BUNDLE_IDENTIFIER = b.dav4;
				PRODUCT_NAME = "$(TARGET_NAME)";
				SWIFT_EMIT_LOC_STRINGS = YES;
				SWIFT_VERSION = 5.0;
			};
			name = Release;
		};
		049FB3962BA4EC4200A505BF /* Debug */ = {
			isa = XCBuildConfiguration;
			buildSettings = {
				ALWAYS_EMBED_SWIFT_STANDARD_LIBRARIES = YES;
				BUNDLE_LOADER = "$(TEST_HOST)";
				CODE_SIGN_STYLE = Automatic;
				CURRENT_PROJECT_VERSION = 1;
				GENERATE_INFOPLIST_FILE = YES;
				MACOSX_DEPLOYMENT_TARGET = 12.7;
				MARKETING_VERSION = 1.0;
				PRODUCT_BUNDLE_IDENTIFIER = b.dav4Tests;
				PRODUCT_NAME = "$(TARGET_NAME)";
				SWIFT_EMIT_LOC_STRINGS = NO;
				SWIFT_VERSION = 5.0;
				TEST_HOST = "$(BUILT_PRODUCTS_DIR)/dav4.app/$(BUNDLE_EXECUTABLE_FOLDER_PATH)/dav4";
			};
			name = Debug;
		};
		049FB3972BA4EC4200A505BF /* Release */ = {
			isa = XCBuildConfiguration;
			buildSettings = {
				ALWAYS_EMBED_SWIFT_STANDARD_LIBRARIES = YES;
				BUNDLE_LOADER = "$(TEST_HOST)";
				CODE_SIGN_STYLE = Automatic;
				CURRENT_PROJECT_VERSION = 1;
				GENERATE_INFOPLIST_FILE = YES;
				MACOSX_DEPLOYMENT_TARGET = 12.7;
				MARKETING_VERSION = 1.0;
				PRODUCT_BUNDLE_IDENTIFIER = b.dav4Tests;
				PRODUCT_NAME = "$(TARGET_NAME)";
				SWIFT_EMIT_LOC_STRINGS = NO;
				SWIFT_VERSION = 5.0;
				TEST_HOST = "$(BUILT_PRODUCTS_DIR)/dav4.app/$(BUNDLE_EXECUTABLE_FOLDER_PATH)/dav4";
			};
			name = Release;
		};
		049FB3992BA4EC4200A505BF /* Debug */ = {
			isa = XCBuildConfiguration;
			buildSettings = {
				ALWAYS_EMBED_SWIFT_STANDARD_LIBRARIES = YES;
				CODE_SIGN_STYLE = Automatic;
				CURRENT_PROJECT_VERSION = 1;
				GENERATE_INFOPLIST_FILE = YES;
				MARKETING_VERSION = 1.0;
				PRODUCT_BUNDLE_IDENTIFIER = b.dav4UITests;
				PRODUCT_NAME = "$(TARGET_NAME)";
				SWIFT_EMIT_LOC_STRINGS = NO;
				SWIFT_VERSION = 5.0;
				TEST_TARGET_NAME = dav4;
			};
			name = Debug;
		};
		049FB39A2BA4EC4200A505BF /* Release */ = {
			isa = XCBuildConfiguration;
			buildSettings = {
				ALWAYS_EMBED_SWIFT_STANDARD_LIBRARIES = YES;
				CODE_SIGN_STYLE = Automatic;
				CURRENT_PROJECT_VERSION = 1;
				GENERATE_INFOPLIST_FILE = YES;
				MARKETING_VERSION = 1.0;
				PRODUCT_BUNDLE_IDENTIFIER = b.dav4UITests;
				PRODUCT_NAME = "$(TARGET_NAME)";
				SWIFT_EMIT_LOC_STRINGS = NO;
				SWIFT_VERSION = 5.0;
				TEST_TARGET_NAME = dav4;
			};
			name = Release;
		};
/* End XCBuildConfiguration section */

/* Begin XCConfigurationList section */
		049FB3682BA4EC3E00A505BF /* Build configuration list for PBXProject "dav4" */ = {
			isa = XCConfigurationList;
			buildConfigurations = (
				049FB3902BA4EC4200A505BF /* Debug */,
				049FB3912BA4EC4200A505BF /* Release */,
			);
			defaultConfigurationIsVisible = 0;
			defaultConfigurationName = Release;
		};
		049FB3922BA4EC4200A505BF /* Build configuration list for PBXNativeTarget "dav4" */ = {
			isa = XCConfigurationList;
			buildConfigurations = (
				049FB3932BA4EC4200A505BF /* Debug */,
				049FB3942BA4EC4200A505BF /* Release */,
			);
			defaultConfigurationIsVisible = 0;
			defaultConfigurationName = Release;
		};
		049FB3952BA4EC4200A505BF /* Build configuration list for PBXNativeTarget "dav4Tests" */ = {
			isa = XCConfigurationList;
			buildConfigurations = (
				049FB3962BA4EC4200A505BF /* Debug */,
				049FB3972BA4EC4200A505BF /* Release */,
			);
			defaultConfigurationIsVisible = 0;
			defaultConfigurationName = Release;
		};
		049FB3982BA4EC4200A505BF /* Build configuration list for PBXNativeTarget "dav4UITests" */ = {
			isa = XCConfigurationList;
			buildConfigurations = (
				049FB3992BA4EC4200A505BF /* Debug */,
				049FB39A2BA4EC4200A505BF /* Release */,
			);
			defaultConfigurationIsVisible = 0;
			defaultConfigurationName = Release;
		};
/* End XCConfigurationList section */
	};
	rootObject = 049FB3652BA4EC3E00A505BF /* Project object */;
}
